
Microsoft Visual Studio Solution File, Format Version 12.00
# Visual Studio Version 17
VisualStudioVersion = 17.7.34024.191
MinimumVisualStudioVersion = 10.0.40219.1
Project("{9A19103F-16F7-4668-BE54-9A1E7A4F7556}") = "SubredditWebTracker", "SubredditWebTracker\SubredditWebTracker.csproj", "{09B6CD05-2020-470D-B045-ADF48D765D50}"
EndProject
Project("{FAE04EC0-301F-11D3-BF4B-00C04F79EFBC}") = "SubredditTrackerAPI", "SubredditTrackerAPI\SubredditTrackerAPI.csproj", "{E93C23A9-EC75-436A-8AFF-69220F10FD7B}"
EndProject
Project("{FAE04EC0-301F-11D3-BF4B-00C04F79EFBC}") = "RedditDataTrigger", "RedditDataTrigger\RedditDataTrigger.csproj", "{A3A23265-52C8-4CBE-820B-D697C2E7A6B9}"
EndProject
Global
	GlobalSection(SolutionConfigurationPlatforms) = preSolution
		Debug|Any CPU = Debug|Any CPU
		Release|Any CPU = Release|Any CPU
	EndGlobalSection
	GlobalSection(ProjectConfigurationPlatforms) = postSolution
		{09B6CD05-2020-470D-B045-ADF48D765D50}.Debug|Any CPU.ActiveCfg = Debug|Any CPU
		{09B6CD05-2020-470D-B045-ADF48D765D50}.Debug|Any CPU.Build.0 = Debug|Any CPU
		{09B6CD05-2020-470D-B045-ADF48D765D50}.Release|Any CPU.ActiveCfg = Release|Any CPU
		{09B6CD05-2020-470D-B045-ADF48D765D50}.Release|Any CPU.Build.0 = Release|Any CPU
		{E93C23A9-EC75-436A-8AFF-69220F10FD7B}.Debug|Any CPU.ActiveCfg = Debug|Any CPU
		{E93C23A9-EC75-436A-8AFF-69220F10FD7B}.Debug|Any CPU.Build.0 = Debug|Any CPU
		{E93C23A9-EC75-436A-8AFF-69220F10FD7B}.Release|Any CPU.ActiveCfg = Release|Any CPU
		{E93C23A9-EC75-436A-8AFF-69220F10FD7B}.Release|Any CPU.Build.0 = Release|Any CPU
		{A3A23265-52C8-4CBE-820B-D697C2E7A6B9}.Debug|Any CPU.ActiveCfg = Debug|Any CPU
		{A3A23265-52C8-4CBE-820B-D697C2E7A6B9}.Debug|Any CPU.Build.0 = Debug|Any CPU
		{A3A23265-52C8-4CBE-820B-D697C2E7A6B9}.Release|Any CPU.ActiveCfg = Release|Any CPU
		{A3A23265-52C8-4CBE-820B-D697C2E7A6B9}.Release|Any CPU.Build.0 = Release|Any CPU
	EndGlobalSection
	GlobalSection(SolutionProperties) = preSolution
		HideSolutionNode = FALSE
	EndGlobalSection
	GlobalSection(ExtensibilityGlobals) = postSolution
		SolutionGuid = {E58C4B92-6C70-4198-84C3-0D9E4F71FA20}
	EndGlobalSection
EndGlobal
